
Microsoft Visual Studio Solution File, Format Version 12.00
# Visual Studio 15
VisualStudioVersion = 15.0.27130.2036
MinimumVisualStudioVersion = 10.0.40219.1
Project("{FAE04EC0-301F-11D3-BF4B-00C04F79EFBC}") = "ValorReferencia", "ValorReferencia\ValorReferencia.csproj", "{B0A5D167-7E82-463C-85CF-BC65AFE04CCE}"
EndProject
Project("{FAE04EC0-301F-11D3-BF4B-00C04F79EFBC}") = "EstruturaPratica", "EstruturaPratica\EstruturaPratica.csproj", "{2CEEB6E2-08DC-493C-8553-8BC8F4928AF7}"
EndProject
Project("{FAE04EC0-301F-11D3-BF4B-00C04F79EFBC}") = "PassagemValor", "PassagemValor\PassagemValor.csproj", "{463F732B-68EF-443E-8117-988B4D418AF3}"
EndProject
Project("{FAE04EC0-301F-11D3-BF4B-00C04F79EFBC}") = "PassagemReferencia", "PassagemReferencia\PassagemReferencia.csproj", "{259F3580-1BAE-48B0-911E-A274554C068C}"
EndProject
Project("{FAE04EC0-301F-11D3-BF4B-00C04F79EFBC}") = "PassagemOut", "PassagemOut\PassagemOut.csproj", "{D73A0523-BF47-412C-B0F2-A165F993E025}"
EndProject
Project("{FAE04EC0-301F-11D3-BF4B-00C04F79EFBC}") = "PassagemParams", "PassagemParams\PassagemParams.csproj", "{CA1DC70E-6DC8-43EA-AC93-C187F15D44C2}"
EndProject
Global
	GlobalSection(SolutionConfigurationPlatforms) = preSolution
		Debug|Any CPU = Debug|Any CPU
		Release|Any CPU = Release|Any CPU
	EndGlobalSection
	GlobalSection(ProjectConfigurationPlatforms) = postSolution
		{B0A5D167-7E82-463C-85CF-BC65AFE04CCE}.Debug|Any CPU.ActiveCfg = Debug|Any CPU
		{B0A5D167-7E82-463C-85CF-BC65AFE04CCE}.Debug|Any CPU.Build.0 = Debug|Any CPU
		{B0A5D167-7E82-463C-85CF-BC65AFE04CCE}.Release|Any CPU.ActiveCfg = Release|Any CPU
		{B0A5D167-7E82-463C-85CF-BC65AFE04CCE}.Release|Any CPU.Build.0 = Release|Any CPU
		{2CEEB6E2-08DC-493C-8553-8BC8F4928AF7}.Debug|Any CPU.ActiveCfg = Debug|Any CPU
		{2CEEB6E2-08DC-493C-8553-8BC8F4928AF7}.Debug|Any CPU.Build.0 = Debug|Any CPU
		{2CEEB6E2-08DC-493C-8553-8BC8F4928AF7}.Release|Any CPU.ActiveCfg = Release|Any CPU
		{2CEEB6E2-08DC-493C-8553-8BC8F4928AF7}.Release|Any CPU.Build.0 = Release|Any CPU
		{463F732B-68EF-443E-8117-988B4D418AF3}.Debug|Any CPU.ActiveCfg = Debug|Any CPU
		{463F732B-68EF-443E-8117-988B4D418AF3}.Debug|Any CPU.Build.0 = Debug|Any CPU
		{463F732B-68EF-443E-8117-988B4D418AF3}.Release|Any CPU.ActiveCfg = Release|Any CPU
		{463F732B-68EF-443E-8117-988B4D418AF3}.Release|Any CPU.Build.0 = Release|Any CPU
		{259F3580-1BAE-48B0-911E-A274554C068C}.Debug|Any CPU.ActiveCfg = Debug|Any CPU
		{259F3580-1BAE-48B0-911E-A274554C068C}.Debug|Any CPU.Build.0 = Debug|Any CPU
		{259F3580-1BAE-48B0-911E-A274554C068C}.Release|Any CPU.ActiveCfg = Release|Any CPU
		{259F3580-1BAE-48B0-911E-A274554C068C}.Release|Any CPU.Build.0 = Release|Any CPU
		{D73A0523-BF47-412C-B0F2-A165F993E025}.Debug|Any CPU.ActiveCfg = Debug|Any CPU
		{D73A0523-BF47-412C-B0F2-A165F993E025}.Debug|Any CPU.Build.0 = Debug|Any CPU
		{D73A0523-BF47-412C-B0F2-A165F993E025}.Release|Any CPU.ActiveCfg = Release|Any CPU
		{D73A0523-BF47-412C-B0F2-A165F993E025}.Release|Any CPU.Build.0 = Release|Any CPU
		{CA1DC70E-6DC8-43EA-AC93-C187F15D44C2}.Debug|Any CPU.ActiveCfg = Debug|Any CPU
		{CA1DC70E-6DC8-43EA-AC93-C187F15D44C2}.Debug|Any CPU.Build.0 = Debug|Any CPU
		{CA1DC70E-6DC8-43EA-AC93-C187F15D44C2}.Release|Any CPU.ActiveCfg = Release|Any CPU
		{CA1DC70E-6DC8-43EA-AC93-C187F15D44C2}.Release|Any CPU.Build.0 = Release|Any CPU
	EndGlobalSection
	GlobalSection(SolutionProperties) = preSolution
		HideSolutionNode = FALSE
	EndGlobalSection
	GlobalSection(ExtensibilityGlobals) = postSolution
		SolutionGuid = {4C4FF766-A969-4147-B76F-4B24D416B99C}
	EndGlobalSection
EndGlobal
