
Microsoft Visual Studio Solution File, Format Version 12.00
# Visual Studio 15
VisualStudioVersion = 15.0.27130.2036
MinimumVisualStudioVersion = 10.0.40219.1
Project("{FAE04EC0-301F-11D3-BF4B-00C04F79EFBC}") = "Referencia", "Referencia\Referencia.csproj", "{50496637-22F7-4D8B-B729-1DF948573FA5}"
EndProject
Project("{FAE04EC0-301F-11D3-BF4B-00C04F79EFBC}") = "Biblioteca", "Biblioteca\Biblioteca.csproj", "{034E59A7-E871-4703-BACD-FE9A75BF83B1}"
EndProject
Global
	GlobalSection(SolutionConfigurationPlatforms) = preSolution
		Debug|Any CPU = Debug|Any CPU
		Release|Any CPU = Release|Any CPU
	EndGlobalSection
	GlobalSection(ProjectConfigurationPlatforms) = postSolution
		{50496637-22F7-4D8B-B729-1DF948573FA5}.Debug|Any CPU.ActiveCfg = Debug|Any CPU
		{50496637-22F7-4D8B-B729-1DF948573FA5}.Debug|Any CPU.Build.0 = Debug|Any CPU
		{50496637-22F7-4D8B-B729-1DF948573FA5}.Release|Any CPU.ActiveCfg = Release|Any CPU
		{50496637-22F7-4D8B-B729-1DF948573FA5}.Release|Any CPU.Build.0 = Release|Any CPU
		{034E59A7-E871-4703-BACD-FE9A75BF83B1}.Debug|Any CPU.ActiveCfg = Debug|Any CPU
		{034E59A7-E871-4703-BACD-FE9A75BF83B1}.Debug|Any CPU.Build.0 = Debug|Any CPU
		{034E59A7-E871-4703-BACD-FE9A75BF83B1}.Release|Any CPU.ActiveCfg = Release|Any CPU
		{034E59A7-E871-4703-BACD-FE9A75BF83B1}.Release|Any CPU.Build.0 = Release|Any CPU
	EndGlobalSection
	GlobalSection(SolutionProperties) = preSolution
		HideSolutionNode = FALSE
	EndGlobalSection
	GlobalSection(ExtensibilityGlobals) = postSolution
		SolutionGuid = {652E50C7-34E2-4BF5-ADC0-51F626B64CA1}
	EndGlobalSection
EndGlobal
