
Microsoft Visual Studio Solution File, Format Version 12.00
# Visual Studio 15
VisualStudioVersion = 15.0.27428.2037
MinimumVisualStudioVersion = 10.0.40219.1
Project("{FAE04EC0-301F-11D3-BF4B-00C04F79EFBC}") = "EscreverArquivo", "EscreverArquivo\EscreverArquivo.csproj", "{2E1C0B28-4500-4614-966D-8B00239CC13A}"
EndProject
Project("{FAE04EC0-301F-11D3-BF4B-00C04F79EFBC}") = "LerArquivo", "LerArquivo\LerArquivo.csproj", "{FBE7C1CB-0607-4B0F-A4FD-54E2005DF0A1}"
EndProject
Project("{FAE04EC0-301F-11D3-BF4B-00C04F79EFBC}") = "EscreverArquivoUsandoUsing", "EscreverArquivoUsandoUsing\EscreverArquivoUsandoUsing.csproj", "{675A71B9-C685-4AAA-A69D-36DA69A19506}"
EndProject
Global
	GlobalSection(SolutionConfigurationPlatforms) = preSolution
		Debug|Any CPU = Debug|Any CPU
		Release|Any CPU = Release|Any CPU
	EndGlobalSection
	GlobalSection(ProjectConfigurationPlatforms) = postSolution
		{2E1C0B28-4500-4614-966D-8B00239CC13A}.Debug|Any CPU.ActiveCfg = Debug|Any CPU
		{2E1C0B28-4500-4614-966D-8B00239CC13A}.Debug|Any CPU.Build.0 = Debug|Any CPU
		{2E1C0B28-4500-4614-966D-8B00239CC13A}.Release|Any CPU.ActiveCfg = Release|Any CPU
		{2E1C0B28-4500-4614-966D-8B00239CC13A}.Release|Any CPU.Build.0 = Release|Any CPU
		{FBE7C1CB-0607-4B0F-A4FD-54E2005DF0A1}.Debug|Any CPU.ActiveCfg = Debug|Any CPU
		{FBE7C1CB-0607-4B0F-A4FD-54E2005DF0A1}.Debug|Any CPU.Build.0 = Debug|Any CPU
		{FBE7C1CB-0607-4B0F-A4FD-54E2005DF0A1}.Release|Any CPU.ActiveCfg = Release|Any CPU
		{FBE7C1CB-0607-4B0F-A4FD-54E2005DF0A1}.Release|Any CPU.Build.0 = Release|Any CPU
		{675A71B9-C685-4AAA-A69D-36DA69A19506}.Debug|Any CPU.ActiveCfg = Debug|Any CPU
		{675A71B9-C685-4AAA-A69D-36DA69A19506}.Debug|Any CPU.Build.0 = Debug|Any CPU
		{675A71B9-C685-4AAA-A69D-36DA69A19506}.Release|Any CPU.ActiveCfg = Release|Any CPU
		{675A71B9-C685-4AAA-A69D-36DA69A19506}.Release|Any CPU.Build.0 = Release|Any CPU
	EndGlobalSection
	GlobalSection(SolutionProperties) = preSolution
		HideSolutionNode = FALSE
	EndGlobalSection
	GlobalSection(ExtensibilityGlobals) = postSolution
		SolutionGuid = {AFE7A9B5-D827-4FC4-A5F3-C466986C193D}
	EndGlobalSection
EndGlobal
