
Microsoft Visual Studio Solution File, Format Version 12.00
# Visual Studio 15
VisualStudioVersion = 15.0.27428.2037
MinimumVisualStudioVersion = 10.0.40219.1
Project("{FAE04EC0-301F-11D3-BF4B-00C04F79EFBC}") = "palavraThis", "palavraThis\palavraThis.csproj", "{1BBBFF73-FABC-4F7D-89FB-20C85CFF6F44}"
EndProject
Project("{FAE04EC0-301F-11D3-BF4B-00C04F79EFBC}") = "palavraBase", "palavraBase\palavraBase.csproj", "{34BEDD8A-2EAB-418B-94BE-96C258AFE5A4}"
EndProject
Project("{FAE04EC0-301F-11D3-BF4B-00C04F79EFBC}") = "construtorPalavraBase", "construtorPalavraBase\construtorPalavraBase.csproj", "{9796F022-403D-4165-AEEE-5EA24DB8F752}"
EndProject
Project("{FAE04EC0-301F-11D3-BF4B-00C04F79EFBC}") = "Casting", "Casting\Casting.csproj", "{FFF4FB41-CB16-4739-8D31-F7A6A2AC9DD3}"
EndProject
Project("{FAE04EC0-301F-11D3-BF4B-00C04F79EFBC}") = "boxingUnboxing", "boxingUnboxing\boxingUnboxing.csproj", "{EB457FF3-BC2C-4E86-9C3F-4216B41F12CD}"
EndProject
Project("{FAE04EC0-301F-11D3-BF4B-00C04F79EFBC}") = "usoInterface", "usoInterface\usoInterface.csproj", "{61F5B604-DECB-4FF3-9AD0-7D5F5FD7BD90}"
EndProject
Global
	GlobalSection(SolutionConfigurationPlatforms) = preSolution
		Debug|Any CPU = Debug|Any CPU
		Release|Any CPU = Release|Any CPU
	EndGlobalSection
	GlobalSection(ProjectConfigurationPlatforms) = postSolution
		{1BBBFF73-FABC-4F7D-89FB-20C85CFF6F44}.Debug|Any CPU.ActiveCfg = Debug|Any CPU
		{1BBBFF73-FABC-4F7D-89FB-20C85CFF6F44}.Debug|Any CPU.Build.0 = Debug|Any CPU
		{1BBBFF73-FABC-4F7D-89FB-20C85CFF6F44}.Release|Any CPU.ActiveCfg = Release|Any CPU
		{1BBBFF73-FABC-4F7D-89FB-20C85CFF6F44}.Release|Any CPU.Build.0 = Release|Any CPU
		{34BEDD8A-2EAB-418B-94BE-96C258AFE5A4}.Debug|Any CPU.ActiveCfg = Debug|Any CPU
		{34BEDD8A-2EAB-418B-94BE-96C258AFE5A4}.Debug|Any CPU.Build.0 = Debug|Any CPU
		{34BEDD8A-2EAB-418B-94BE-96C258AFE5A4}.Release|Any CPU.ActiveCfg = Release|Any CPU
		{34BEDD8A-2EAB-418B-94BE-96C258AFE5A4}.Release|Any CPU.Build.0 = Release|Any CPU
		{9796F022-403D-4165-AEEE-5EA24DB8F752}.Debug|Any CPU.ActiveCfg = Debug|Any CPU
		{9796F022-403D-4165-AEEE-5EA24DB8F752}.Debug|Any CPU.Build.0 = Debug|Any CPU
		{9796F022-403D-4165-AEEE-5EA24DB8F752}.Release|Any CPU.ActiveCfg = Release|Any CPU
		{9796F022-403D-4165-AEEE-5EA24DB8F752}.Release|Any CPU.Build.0 = Release|Any CPU
		{FFF4FB41-CB16-4739-8D31-F7A6A2AC9DD3}.Debug|Any CPU.ActiveCfg = Debug|Any CPU
		{FFF4FB41-CB16-4739-8D31-F7A6A2AC9DD3}.Debug|Any CPU.Build.0 = Debug|Any CPU
		{FFF4FB41-CB16-4739-8D31-F7A6A2AC9DD3}.Release|Any CPU.ActiveCfg = Release|Any CPU
		{FFF4FB41-CB16-4739-8D31-F7A6A2AC9DD3}.Release|Any CPU.Build.0 = Release|Any CPU
		{EB457FF3-BC2C-4E86-9C3F-4216B41F12CD}.Debug|Any CPU.ActiveCfg = Debug|Any CPU
		{EB457FF3-BC2C-4E86-9C3F-4216B41F12CD}.Debug|Any CPU.Build.0 = Debug|Any CPU
		{EB457FF3-BC2C-4E86-9C3F-4216B41F12CD}.Release|Any CPU.ActiveCfg = Release|Any CPU
		{EB457FF3-BC2C-4E86-9C3F-4216B41F12CD}.Release|Any CPU.Build.0 = Release|Any CPU
		{61F5B604-DECB-4FF3-9AD0-7D5F5FD7BD90}.Debug|Any CPU.ActiveCfg = Debug|Any CPU
		{61F5B604-DECB-4FF3-9AD0-7D5F5FD7BD90}.Debug|Any CPU.Build.0 = Debug|Any CPU
		{61F5B604-DECB-4FF3-9AD0-7D5F5FD7BD90}.Release|Any CPU.ActiveCfg = Release|Any CPU
		{61F5B604-DECB-4FF3-9AD0-7D5F5FD7BD90}.Release|Any CPU.Build.0 = Release|Any CPU
	EndGlobalSection
	GlobalSection(SolutionProperties) = preSolution
		HideSolutionNode = FALSE
	EndGlobalSection
	GlobalSection(ExtensibilityGlobals) = postSolution
		SolutionGuid = {F35CF712-4B68-41AB-A44E-5F51829CA1C3}
	EndGlobalSection
EndGlobal
